
Microsoft Visual Studio Solution File, Format Version 12.00
# Visual Studio 15
Project("{FAE04EC0-301F-11D3-BF4B-00C04F79EFBC}") = "Assembly-CSharp-Editor", "Assembly-CSharp-Editor.csproj", "{C57BE22D-AB2A-02E7-86A6-95A5337A6092}"
EndProject
Project("{FAE04EC0-301F-11D3-BF4B-00C04F79EFBC}") = "Assembly-CSharp", "Assembly-CSharp.csproj", "{FDAF40D6-AD19-2D54-8946-9B084DE6D830}"
EndProject
Global
	GlobalSection(SolutionConfigurationPlatforms) = preSolution
		Debug|Any CPU = Debug|Any CPU
		Release|Any CPU = Release|Any CPU
	EndGlobalSection
	GlobalSection(ProjectConfigurationPlatforms) = postSolution
		{C57BE22D-AB2A-02E7-86A6-95A5337A6092}.Debug|Any CPU.ActiveCfg = Debug|Any CPU
		{C57BE22D-AB2A-02E7-86A6-95A5337A6092}.Debug|Any CPU.Build.0 = Debug|Any CPU
		{C57BE22D-AB2A-02E7-86A6-95A5337A6092}.Release|Any CPU.ActiveCfg = Release|Any CPU
		{C57BE22D-AB2A-02E7-86A6-95A5337A6092}.Release|Any CPU.Build.0 = Release|Any CPU
		{FDAF40D6-AD19-2D54-8946-9B084DE6D830}.Debug|Any CPU.ActiveCfg = Debug|Any CPU
		{FDAF40D6-AD19-2D54-8946-9B084DE6D830}.Debug|Any CPU.Build.0 = Debug|Any CPU
		{FDAF40D6-AD19-2D54-8946-9B084DE6D830}.Release|Any CPU.ActiveCfg = Release|Any CPU
		{FDAF40D6-AD19-2D54-8946-9B084DE6D830}.Release|Any CPU.Build.0 = Release|Any CPU
	EndGlobalSection
	GlobalSection(SolutionProperties) = preSolution
		HideSolutionNode = FALSE
	EndGlobalSection
EndGlobal
